
Microsoft Visual Studio Solution File, Format Version 12.00
# Visual Studio Version 17
VisualStudioVersion = 17.7.34202.233
MinimumVisualStudioVersion = 10.0.40219.1
Project("{FAE04EC0-301F-11D3-BF4B-00C04F79EFBC}") = "blank", "blank\blank.csproj", "{22CB89B4-132A-4F40-969F-9AB119C02A71}"
EndProject
Global
	GlobalSection(SolutionConfigurationPlatforms) = preSolution
		Debug|Any CPU = Debug|Any CPU
		Release|Any CPU = Release|Any CPU
	EndGlobalSection
	GlobalSection(ProjectConfigurationPlatforms) = postSolution
		{22CB89B4-132A-4F40-969F-9AB119C02A71}.Debug|Any CPU.ActiveCfg = Debug|Any CPU
		{22CB89B4-132A-4F40-969F-9AB119C02A71}.Debug|Any CPU.Build.0 = Debug|Any CPU
		{22CB89B4-132A-4F40-969F-9AB119C02A71}.Release|Any CPU.ActiveCfg = Release|Any CPU
		{22CB89B4-132A-4F40-969F-9AB119C02A71}.Release|Any CPU.Build.0 = Release|Any CPU
	EndGlobalSection
	GlobalSection(SolutionProperties) = preSolution
		HideSolutionNode = FALSE
	EndGlobalSection
	GlobalSection(ExtensibilityGlobals) = postSolution
		SolutionGuid = {DE54B065-64A3-4A95-9AF3-3A5721155E37}
	EndGlobalSection
EndGlobal
